
Microsoft Visual Studio Solution File, Format Version 11.00
# Visual Studio 2010
Project("{FAE04EC0-301F-11D3-BF4B-00C04F79EFBC}") = "DataLayer", "DataLayer\DataLayer.csproj", "{77623934-C7EC-49E3-940A-FFBE4D93C594}"
EndProject
Project("{FAE04EC0-301F-11D3-BF4B-00C04F79EFBC}") = "dllTester", "dllTester\dllTester.csproj", "{C21DF069-F671-41AA-A7B6-95C19ADBDDDF}"
EndProject
Project("{2150E333-8FDC-42A3-9474-1A3956D46DE8}") = "Solution Items", "Solution Items", "{08848BAC-178D-40B5-9CBE-8C410A53C763}"
	ProjectSection(SolutionItems) = preProject
		DataLayer.vsmdi = DataLayer.vsmdi
		Local.testsettings = Local.testsettings
		TraceAndTestImpact.testsettings = TraceAndTestImpact.testsettings
	EndProjectSection
EndProject
Project("{FAE04EC0-301F-11D3-BF4B-00C04F79EFBC}") = "dllUnitTest", "dllUnitTest\dllUnitTest.csproj", "{184F19B4-BA3B-44DD-BF9A-8B31631B50DF}"
EndProject
Project("{FAE04EC0-301F-11D3-BF4B-00C04F79EFBC}") = "WebServiceCentre", "..\WebServiceCentre\WebServiceCentre.csproj", "{A5D5ECB3-EBA2-4B17-A54B-BC9B2152EF73}"
EndProject
Global
	GlobalSection(TestCaseManagementSettings) = postSolution
		CategoryFile = DataLayer.vsmdi
	EndGlobalSection
	GlobalSection(SolutionConfigurationPlatforms) = preSolution
		Debug|Any CPU = Debug|Any CPU
		Debug|Mixed Platforms = Debug|Mixed Platforms
		Debug|x86 = Debug|x86
		Release|Any CPU = Release|Any CPU
		Release|Mixed Platforms = Release|Mixed Platforms
		Release|x86 = Release|x86
	EndGlobalSection
	GlobalSection(ProjectConfigurationPlatforms) = postSolution
		{77623934-C7EC-49E3-940A-FFBE4D93C594}.Debug|Any CPU.ActiveCfg = Debug|Any CPU
		{77623934-C7EC-49E3-940A-FFBE4D93C594}.Debug|Any CPU.Build.0 = Debug|Any CPU
		{77623934-C7EC-49E3-940A-FFBE4D93C594}.Debug|Mixed Platforms.ActiveCfg = Debug|Any CPU
		{77623934-C7EC-49E3-940A-FFBE4D93C594}.Debug|Mixed Platforms.Build.0 = Debug|Any CPU
		{77623934-C7EC-49E3-940A-FFBE4D93C594}.Debug|x86.ActiveCfg = Debug|Any CPU
		{77623934-C7EC-49E3-940A-FFBE4D93C594}.Release|Any CPU.ActiveCfg = Release|Any CPU
		{77623934-C7EC-49E3-940A-FFBE4D93C594}.Release|Any CPU.Build.0 = Release|Any CPU
		{77623934-C7EC-49E3-940A-FFBE4D93C594}.Release|Mixed Platforms.ActiveCfg = Release|Any CPU
		{77623934-C7EC-49E3-940A-FFBE4D93C594}.Release|Mixed Platforms.Build.0 = Release|Any CPU
		{77623934-C7EC-49E3-940A-FFBE4D93C594}.Release|x86.ActiveCfg = Release|Any CPU
		{C21DF069-F671-41AA-A7B6-95C19ADBDDDF}.Debug|Any CPU.ActiveCfg = Debug|x86
		{C21DF069-F671-41AA-A7B6-95C19ADBDDDF}.Debug|Mixed Platforms.ActiveCfg = Debug|x86
		{C21DF069-F671-41AA-A7B6-95C19ADBDDDF}.Debug|Mixed Platforms.Build.0 = Debug|x86
		{C21DF069-F671-41AA-A7B6-95C19ADBDDDF}.Debug|x86.ActiveCfg = Debug|x86
		{C21DF069-F671-41AA-A7B6-95C19ADBDDDF}.Debug|x86.Build.0 = Debug|x86
		{C21DF069-F671-41AA-A7B6-95C19ADBDDDF}.Release|Any CPU.ActiveCfg = Release|x86
		{C21DF069-F671-41AA-A7B6-95C19ADBDDDF}.Release|Mixed Platforms.ActiveCfg = Release|x86
		{C21DF069-F671-41AA-A7B6-95C19ADBDDDF}.Release|Mixed Platforms.Build.0 = Release|x86
		{C21DF069-F671-41AA-A7B6-95C19ADBDDDF}.Release|x86.ActiveCfg = Release|x86
		{C21DF069-F671-41AA-A7B6-95C19ADBDDDF}.Release|x86.Build.0 = Release|x86
		{184F19B4-BA3B-44DD-BF9A-8B31631B50DF}.Debug|Any CPU.ActiveCfg = Debug|Any CPU
		{184F19B4-BA3B-44DD-BF9A-8B31631B50DF}.Debug|Any CPU.Build.0 = Debug|Any CPU
		{184F19B4-BA3B-44DD-BF9A-8B31631B50DF}.Debug|Mixed Platforms.ActiveCfg = Debug|Any CPU
		{184F19B4-BA3B-44DD-BF9A-8B31631B50DF}.Debug|Mixed Platforms.Build.0 = Debug|Any CPU
		{184F19B4-BA3B-44DD-BF9A-8B31631B50DF}.Debug|x86.ActiveCfg = Debug|Any CPU
		{184F19B4-BA3B-44DD-BF9A-8B31631B50DF}.Release|Any CPU.ActiveCfg = Release|Any CPU
		{184F19B4-BA3B-44DD-BF9A-8B31631B50DF}.Release|Any CPU.Build.0 = Release|Any CPU
		{184F19B4-BA3B-44DD-BF9A-8B31631B50DF}.Release|Mixed Platforms.ActiveCfg = Release|Any CPU
		{184F19B4-BA3B-44DD-BF9A-8B31631B50DF}.Release|Mixed Platforms.Build.0 = Release|Any CPU
		{184F19B4-BA3B-44DD-BF9A-8B31631B50DF}.Release|x86.ActiveCfg = Release|Any CPU
		{A5D5ECB3-EBA2-4B17-A54B-BC9B2152EF73}.Debug|Any CPU.ActiveCfg = Debug|Any CPU
		{A5D5ECB3-EBA2-4B17-A54B-BC9B2152EF73}.Debug|Any CPU.Build.0 = Debug|Any CPU
		{A5D5ECB3-EBA2-4B17-A54B-BC9B2152EF73}.Debug|Mixed Platforms.ActiveCfg = Debug|Any CPU
		{A5D5ECB3-EBA2-4B17-A54B-BC9B2152EF73}.Debug|Mixed Platforms.Build.0 = Debug|Any CPU
		{A5D5ECB3-EBA2-4B17-A54B-BC9B2152EF73}.Debug|x86.ActiveCfg = Debug|Any CPU
		{A5D5ECB3-EBA2-4B17-A54B-BC9B2152EF73}.Release|Any CPU.ActiveCfg = Release|Any CPU
		{A5D5ECB3-EBA2-4B17-A54B-BC9B2152EF73}.Release|Any CPU.Build.0 = Release|Any CPU
		{A5D5ECB3-EBA2-4B17-A54B-BC9B2152EF73}.Release|Mixed Platforms.ActiveCfg = Release|Any CPU
		{A5D5ECB3-EBA2-4B17-A54B-BC9B2152EF73}.Release|Mixed Platforms.Build.0 = Release|Any CPU
		{A5D5ECB3-EBA2-4B17-A54B-BC9B2152EF73}.Release|x86.ActiveCfg = Release|Any CPU
	EndGlobalSection
	GlobalSection(SolutionProperties) = preSolution
		HideSolutionNode = FALSE
	EndGlobalSection
EndGlobal
